// !$*UTF8*$!
{
	archiveVersion = 1;
	classes = {
	};
	objectVersion = 56;
	objects = {

/* Begin PBXBuildFile section */
		FB65AE792D6F799A00A7768F /* Agenda_ShuffleApp.swift in Sources */ = {isa = PBXBuildFile; fileRef = FB65AE782D6F799A00A7768F /* Agenda_ShuffleApp.swift */; };
		FB65AE7D2D6F799A00A7768F /* Assets.xcassets in Resources */ = {isa = PBXBuildFile; fileRef = FB65AE7C2D6F799A00A7768F /* Assets.xcassets */; };
		FB65AE802D6F799A00A7768F /* Preview Assets.xcassets in Resources */ = {isa = PBXBuildFile; fileRef = FB65AE7F2D6F799A00A7768F /* Preview Assets.xcassets */; };
		FB65AE872D6F7C3600A7768F /* PantallaAgenda.swift in Sources */ = {isa = PBXBuildFile; fileRef = FB65AE862D6F7C3600A7768F /* PantallaAgenda.swift */; };
		FB65AE8A2D6F7FC200A7768F /* contacto_prevista.swift in Sources */ = {isa = PBXBuildFile; fileRef = FB65AE892D6F7FC200A7768F /* contacto_prevista.swift */; };
		FB65AE8D2D6F872C00A7768F /* contacto_agenda.swift in Sources */ = {isa = PBXBuildFile; fileRef = FB65AE8C2D6F872C00A7768F /* contacto_agenda.swift */; };
		FB6DC3062D7618D9003842D0 /* pantalla_agregar_contacto.swift in Sources */ = {isa = PBXBuildFile; fileRef = FB6DC3052D7618D9003842D0 /* pantalla_agregar_contacto.swift */; };
		FB6DC3082D761C43003842D0 /* icono.swift in Sources */ = {isa = PBXBuildFile; fileRef = FB6DC3072D761C43003842D0 /* icono.swift */; };
/* End PBXBuildFile section */

/* Begin PBXFileReference section */
		FB65AE752D6F799A00A7768F /* Agenda_Shuffle.app */ = {isa = PBXFileReference; explicitFileType = wrapper.application; includeInIndex = 0; path = Agenda_Shuffle.app; sourceTree = BUILT_PRODUCTS_DIR; };
		FB65AE782D6F799A00A7768F /* Agenda_ShuffleApp.swift */ = {isa = PBXFileReference; lastKnownFileType = sourcecode.swift; path = Agenda_ShuffleApp.swift; sourceTree = "<group>"; };
		FB65AE7C2D6F799A00A7768F /* Assets.xcassets */ = {isa = PBXFileReference; lastKnownFileType = folder.assetcatalog; path = Assets.xcassets; sourceTree = "<group>"; };
		FB65AE7F2D6F799A00A7768F /* Preview Assets.xcassets */ = {isa = PBXFileReference; lastKnownFileType = folder.assetcatalog; path = "Preview Assets.xcassets"; sourceTree = "<group>"; };
		FB65AE862D6F7C3600A7768F /* PantallaAgenda.swift */ = {isa = PBXFileReference; lastKnownFileType = sourcecode.swift; path = PantallaAgenda.swift; sourceTree = "<group>"; };
		FB65AE892D6F7FC200A7768F /* contacto_prevista.swift */ = {isa = PBXFileReference; lastKnownFileType = sourcecode.swift; path = contacto_prevista.swift; sourceTree = "<group>"; };
		FB65AE8C2D6F872C00A7768F /* contacto_agenda.swift */ = {isa = PBXFileReference; lastKnownFileType = sourcecode.swift; path = contacto_agenda.swift; sourceTree = "<group>"; };
		FB6DC3052D7618D9003842D0 /* pantalla_agregar_contacto.swift */ = {isa = PBXFileReference; lastKnownFileType = sourcecode.swift; path = pantalla_agregar_contacto.swift; sourceTree = "<group>"; };
		FB6DC3072D761C43003842D0 /* icono.swift */ = {isa = PBXFileReference; lastKnownFileType = sourcecode.swift; path = icono.swift; sourceTree = "<group>"; };
/* End PBXFileReference section */

/* Begin PBXFrameworksBuildPhase section */
		FB65AE722D6F799A00A7768F /* Frameworks */ = {
			isa = PBXFrameworksBuildPhase;
			buildActionMask = 2147483647;
			files = (
			);
			runOnlyForDeploymentPostprocessing = 0;
		};
/* End PBXFrameworksBuildPhase section */

/* Begin PBXGroup section */
		FB65AE6C2D6F799A00A7768F = {
			isa = PBXGroup;
			children = (
				FB65AE772D6F799A00A7768F /* Agenda_Shuffle */,
				FB65AE762D6F799A00A7768F /* Products */,
			);
			sourceTree = "<group>";
		};
		FB65AE762D6F799A00A7768F /* Products */ = {
			isa = PBXGroup;
			children = (
				FB65AE752D6F799A00A7768F /* Agenda_Shuffle.app */,
			);
			name = Products;
			sourceTree = "<group>";
		};
		FB65AE772D6F799A00A7768F /* Agenda_Shuffle */ = {
			isa = PBXGroup;
			children = (
				FB6DC3042D7618AD003842D0 /* pantallas */,
				FB65AE8B2D6F85A800A7768F /* modelos */,
				FB65AE882D6F7F6000A7768F /* componentes */,
				FB65AE782D6F799A00A7768F /* Agenda_ShuffleApp.swift */,
				FB65AE7C2D6F799A00A7768F /* Assets.xcassets */,
				FB65AE7E2D6F799A00A7768F /* Preview Content */,
				FB65AE862D6F7C3600A7768F /* PantallaAgenda.swift */,
			);
			path = Agenda_Shuffle;
			sourceTree = "<group>";
		};
		FB65AE7E2D6F799A00A7768F /* Preview Content */ = {
			isa = PBXGroup;
			children = (
				FB65AE7F2D6F799A00A7768F /* Preview Assets.xcassets */,
			);
			path = "Preview Content";
			sourceTree = "<group>";
		};
		FB65AE882D6F7F6000A7768F /* componentes */ = {
			isa = PBXGroup;
			children = (
				FB65AE892D6F7FC200A7768F /* contacto_prevista.swift */,
				FB6DC3072D761C43003842D0 /* icono.swift */,
			);
			path = componentes;
			sourceTree = "<group>";
		};
		FB65AE8B2D6F85A800A7768F /* modelos */ = {
			isa = PBXGroup;
			children = (
				FB65AE8C2D6F872C00A7768F /* contacto_agenda.swift */,
			);
			path = modelos;
			sourceTree = "<group>";
		};
		FB6DC3042D7618AD003842D0 /* pantallas */ = {
			isa = PBXGroup;
			children = (
				FB6DC3052D7618D9003842D0 /* pantalla_agregar_contacto.swift */,
			);
			path = pantallas;
			sourceTree = "<group>";
		};
/* End PBXGroup section */

/* Begin PBXNativeTarget section */
		FB65AE742D6F799A00A7768F /* Agenda_Shuffle */ = {
			isa = PBXNativeTarget;
			buildConfigurationList = FB65AE832D6F799A00A7768F /* Build configuration list for PBXNativeTarget "Agenda_Shuffle" */;
			buildPhases = (
				FB65AE712D6F799A00A7768F /* Sources */,
				FB65AE722D6F799A00A7768F /* Frameworks */,
				FB65AE732D6F799A00A7768F /* Resources */,
			);
			buildRules = (
			);
			dependencies = (
			);
			name = Agenda_Shuffle;
			productName = Agenda_Shuffle;
			productReference = FB65AE752D6F799A00A7768F /* Agenda_Shuffle.app */;
			productType = "com.apple.product-type.application";
		};
/* End PBXNativeTarget section */

/* Begin PBXProject section */
		FB65AE6D2D6F799A00A7768F /* Project object */ = {
			isa = PBXProject;
			attributes = {
				BuildIndependentTargetsInParallel = 1;
				LastSwiftUpdateCheck = 1540;
				LastUpgradeCheck = 1540;
				TargetAttributes = {
					FB65AE742D6F799A00A7768F = {
						CreatedOnToolsVersion = 15.4;
					};
				};
			};
			buildConfigurationList = FB65AE702D6F799A00A7768F /* Build configuration list for PBXProject "Agenda_Shuffle" */;
			compatibilityVersion = "Xcode 14.0";
			developmentRegion = en;
			hasScannedForEncodings = 0;
			knownRegions = (
				en,
				Base,
			);
			mainGroup = FB65AE6C2D6F799A00A7768F;
			productRefGroup = FB65AE762D6F799A00A7768F /* Products */;
			projectDirPath = "";
			projectRoot = "";
			targets = (
				FB65AE742D6F799A00A7768F /* Agenda_Shuffle */,
			);
		};
/* End PBXProject section */

/* Begin PBXResourcesBuildPhase section */
		FB65AE732D6F799A00A7768F /* Resources */ = {
			isa = PBXResourcesBuildPhase;
			buildActionMask = 2147483647;
			files = (
				FB65AE802D6F799A00A7768F /* Preview Assets.xcassets in Resources */,
				FB65AE7D2D6F799A00A7768F /* Assets.xcassets in Resources */,
			);
			runOnlyForDeploymentPostprocessing = 0;
		};
/* End PBXResourcesBuildPhase section */

/* Begin PBXSourcesBuildPhase section */
		FB65AE712D6F799A00A7768F /* Sources */ = {
			isa = PBXSourcesBuildPhase;
			buildActionMask = 2147483647;
			files = (
				FB6DC3082D761C43003842D0 /* icono.swift in Sources */,
				FB65AE872D6F7C3600A7768F /* PantallaAgenda.swift in Sources */,
				FB65AE8A2D6F7FC200A7768F /* contacto_prevista.swift in Sources */,
				FB65AE8D2D6F872C00A7768F /* contacto_agenda.swift in Sources */,
				FB6DC3062D7618D9003842D0 /* pantalla_agregar_contacto.swift in Sources */,
				FB65AE792D6F799A00A7768F /* Agenda_ShuffleApp.swift in Sources */,
			);
			runOnlyForDeploymentPostprocessing = 0;
		};
/* End PBXSourcesBuildPhase section */

/* Begin XCBuildConfiguration section */
		FB65AE812D6F799A00A7768F /* Debug */ = {
			isa = XCBuildConfiguration;
			buildSettings = {
				ALWAYS_SEARCH_USER_PATHS = NO;
				ASSETCATALOG_COMPILER_GENERATE_SWIFT_ASSET_SYMBOL_EXTENSIONS = YES;
				CLANG_ANALYZER_NONNULL = YES;
				CLANG_ANALYZER_NUMBER_OBJECT_CONVERSION = YES_AGGRESSIVE;
				CLANG_CXX_LANGUAGE_STANDARD = "gnu++20";
				CLANG_ENABLE_MODULES = YES;
				CLANG_ENABLE_OBJC_ARC = YES;
				CLANG_ENABLE_OBJC_WEAK = YES;
				CLANG_WARN_BLOCK_CAPTURE_AUTORELEASING = YES;
				CLANG_WARN_BOOL_CONVERSION = YES;
				CLANG_WARN_COMMA = YES;
				CLANG_WARN_CONSTANT_CONVERSION = YES;
				CLANG_WARN_DEPRECATED_OBJC_IMPLEMENTATIONS = YES;
				CLANG_WARN_DIRECT_OBJC_ISA_USAGE = YES_ERROR;
				CLANG_WARN_DOCUMENTATION_COMMENTS = YES;
				CLANG_WARN_EMPTY_BODY = YES;
				CLANG_WARN_ENUM_CONVERSION = YES;
				CLANG_WARN_INFINITE_RECURSION = YES;
				CLANG_WARN_INT_CONVERSION = YES;
				CLANG_WARN_NON_LITERAL_NULL_CONVERSION = YES;
				CLANG_WARN_OBJC_IMPLICIT_RETAIN_SELF = YES;
				CLANG_WARN_OBJC_LITERAL_CONVERSION = YES;
				CLANG_WARN_OBJC_ROOT_CLASS = YES_ERROR;
				CLANG_WARN_QUOTED_INCLUDE_IN_FRAMEWORK_HEADER = YES;
				CLANG_WARN_RANGE_LOOP_ANALYSIS = YES;
				CLANG_WARN_STRICT_PROTOTYPES = YES;
				CLANG_WARN_SUSPICIOUS_MOVE = YES;
				CLANG_WARN_UNGUARDED_AVAILABILITY = YES_AGGRESSIVE;
				CLANG_WARN_UNREACHABLE_CODE = YES;
				CLANG_WARN__DUPLICATE_METHOD_MATCH = YES;
				COPY_PHASE_STRIP = NO;
				DEBUG_INFORMATION_FORMAT = dwarf;
				ENABLE_STRICT_OBJC_MSGSEND = YES;
				ENABLE_TESTABILITY = YES;
				ENABLE_USER_SCRIPT_SANDBOXING = YES;
				GCC_C_LANGUAGE_STANDARD = gnu17;
				GCC_DYNAMIC_NO_PIC = NO;
				GCC_NO_COMMON_BLOCKS = YES;
				GCC_OPTIMIZATION_LEVEL = 0;
				GCC_PREPROCESSOR_DEFINITIONS = (
					"DEBUG=1",
					"$(inherited)",
				);
				GCC_WARN_64_TO_32_BIT_CONVERSION = YES;
				GCC_WARN_ABOUT_RETURN_TYPE = YES_ERROR;
				GCC_WARN_UNDECLARED_SELECTOR = YES;
				GCC_WARN_UNINITIALIZED_AUTOS = YES_AGGRESSIVE;
				GCC_WARN_UNUSED_FUNCTION = YES;
				GCC_WARN_UNUSED_VARIABLE = YES;
				IPHONEOS_DEPLOYMENT_TARGET = 17.5;
				LOCALIZATION_PREFERS_STRING_CATALOGS = YES;
				MTL_ENABLE_DEBUG_INFO = INCLUDE_SOURCE;
				MTL_FAST_MATH = YES;
				ONLY_ACTIVE_ARCH = YES;
				SDKROOT = iphoneos;
				SWIFT_ACTIVE_COMPILATION_CONDITIONS = "DEBUG $(inherited)";
				SWIFT_OPTIMIZATION_LEVEL = "-Onone";
			};
			name = Debug;
		};
		FB65AE822D6F799A00A7768F /* Release */ = {
			isa = XCBuildConfiguration;
			buildSettings = {
				ALWAYS_SEARCH_USER_PATHS = NO;
				ASSETCATALOG_COMPILER_GENERATE_SWIFT_ASSET_SYMBOL_EXTENSIONS = YES;
				CLANG_ANALYZER_NONNULL = YES;
				CLANG_ANALYZER_NUMBER_OBJECT_CONVERSION = YES_AGGRESSIVE;
				CLANG_CXX_LANGUAGE_STANDARD = "gnu++20";
				CLANG_ENABLE_MODULES = YES;
				CLANG_ENABLE_OBJC_ARC = YES;
				CLANG_ENABLE_OBJC_WEAK = YES;
				CLANG_WARN_BLOCK_CAPTURE_AUTORELEASING = YES;
				CLANG_WARN_BOOL_CONVERSION = YES;
				CLANG_WARN_COMMA = YES;
				CLANG_WARN_CONSTANT_CONVERSION = YES;
				CLANG_WARN_DEPRECATED_OBJC_IMPLEMENTATIONS = YES;
				CLANG_WARN_DIRECT_OBJC_ISA_USAGE = YES_ERROR;
				CLANG_WARN_DOCUMENTATION_COMMENTS = YES;
				CLANG_WARN_EMPTY_BODY = YES;
				CLANG_WARN_ENUM_CONVERSION = YES;
				CLANG_WARN_INFINITE_RECURSION = YES;
				CLANG_WARN_INT_CONVERSION = YES;
				CLANG_WARN_NON_LITERAL_NULL_CONVERSION = YES;
				CLANG_WARN_OBJC_IMPLICIT_RETAIN_SELF = YES;
				CLANG_WARN_OBJC_LITERAL_CONVERSION = YES;
				CLANG_WARN_OBJC_ROOT_CLASS = YES_ERROR;
				CLANG_WARN_QUOTED_INCLUDE_IN_FRAMEWORK_HEADER = YES;
				CLANG_WARN_RANGE_LOOP_ANALYSIS = YES;
				CLANG_WARN_STRICT_PROTOTYPES = YES;
				CLANG_WARN_SUSPICIOUS_MOVE = YES;
				CLANG_WARN_UNGUARDED_AVAILABILITY = YES_AGGRESSIVE;
				CLANG_WARN_UNREACHABLE_CODE = YES;
				CLANG_WARN__DUPLICATE_METHOD_MATCH = YES;
				COPY_PHASE_STRIP = NO;
				DEBUG_INFORMATION_FORMAT = "dwarf-with-dsym";
				ENABLE_NS_ASSERTIONS = NO;
				ENABLE_STRICT_OBJC_MSGSEND = YES;
				ENABLE_USER_SCRIPT_SANDBOXING = YES;
				GCC_C_LANGUAGE_STANDARD = gnu17;
				GCC_NO_COMMON_BLOCKS = YES;
				GCC_WARN_64_TO_32_BIT_CONVERSION = YES;
				GCC_WARN_ABOUT_RETURN_TYPE = YES_ERROR;
				GCC_WARN_UNDECLARED_SELECTOR = YES;
				GCC_WARN_UNINITIALIZED_AUTOS = YES_AGGRESSIVE;
				GCC_WARN_UNUSED_FUNCTION = YES;
				GCC_WARN_UNUSED_VARIABLE = YES;
				IPHONEOS_DEPLOYMENT_TARGET = 17.5;
				LOCALIZATION_PREFERS_STRING_CATALOGS = YES;
				MTL_ENABLE_DEBUG_INFO = NO;
				MTL_FAST_MATH = YES;
				SDKROOT = iphoneos;
				SWIFT_COMPILATION_MODE = wholemodule;
				VALIDATE_PRODUCT = YES;
			};
			name = Release;
		};
		FB65AE842D6F799A00A7768F /* Debug */ = {
			isa = XCBuildConfiguration;
			buildSettings = {
				ASSETCATALOG_COMPILER_APPICON_NAME = AppIcon;
				ASSETCATALOG_COMPILER_GLOBAL_ACCENT_COLOR_NAME = AccentColor;
				CODE_SIGN_STYLE = Automatic;
				CURRENT_PROJECT_VERSION = 1;
				DEVELOPMENT_ASSET_PATHS = "\"Agenda_Shuffle/Preview Content\"";
				ENABLE_PREVIEWS = YES;
				GENERATE_INFOPLIST_FILE = YES;
				INFOPLIST_KEY_UIApplicationSceneManifest_Generation = YES;
				INFOPLIST_KEY_UIApplicationSupportsIndirectInputEvents = YES;
				INFOPLIST_KEY_UILaunchScreen_Generation = YES;
				INFOPLIST_KEY_UISupportedInterfaceOrientations_iPad = "UIInterfaceOrientationPortrait UIInterfaceOrientationPortraitUpsideDown UIInterfaceOrientationLandscapeLeft UIInterfaceOrientationLandscapeRight";
				INFOPLIST_KEY_UISupportedInterfaceOrientations_iPhone = "UIInterfaceOrientationPortrait UIInterfaceOrientationLandscapeLeft UIInterfaceOrientationLandscapeRight";
				LD_RUNPATH_SEARCH_PATHS = (
					"$(inherited)",
					"@executable_path/Frameworks",
				);
				MARKETING_VERSION = 1.0;
				PRODUCT_BUNDLE_IDENTIFIER = "mx.alumnos.uacj.Agenda-Shuffle";
				PRODUCT_NAME = "$(TARGET_NAME)";
				SWIFT_EMIT_LOC_STRINGS = YES;
				SWIFT_VERSION = 5.0;
				TARGETED_DEVICE_FAMILY = "1,2";
			};
			name = Debug;
		};
		FB65AE852D6F799A00A7768F /* Release */ = {
			isa = XCBuildConfiguration;
			buildSettings = {
				ASSETCATALOG_COMPILER_APPICON_NAME = AppIcon;
				ASSETCATALOG_COMPILER_GLOBAL_ACCENT_COLOR_NAME = AccentColor;
				CODE_SIGN_STYLE = Automatic;
				CURRENT_PROJECT_VERSION = 1;
				DEVELOPMENT_ASSET_PATHS = "\"Agenda_Shuffle/Preview Content\"";
				ENABLE_PREVIEWS = YES;
				GENERATE_INFOPLIST_FILE = YES;
				INFOPLIST_KEY_UIApplicationSceneManifest_Generation = YES;
				INFOPLIST_KEY_UIApplicationSupportsIndirectInputEvents = YES;
				INFOPLIST_KEY_UILaunchScreen_Generation = YES;
				INFOPLIST_KEY_UISupportedInterfaceOrientations_iPad = "UIInterfaceOrientationPortrait UIInterfaceOrientationPortraitUpsideDown UIInterfaceOrientationLandscapeLeft UIInterfaceOrientationLandscapeRight";
				INFOPLIST_KEY_UISupportedInterfaceOrientations_iPhone = "UIInterfaceOrientationPortrait UIInterfaceOrientationLandscapeLeft UIInterfaceOrientationLandscapeRight";
				LD_RUNPATH_SEARCH_PATHS = (
					"$(inherited)",
					"@executable_path/Frameworks",
				);
				MARKETING_VERSION = 1.0;
				PRODUCT_BUNDLE_IDENTIFIER = "mx.alumnos.uacj.Agenda-Shuffle";
				PRODUCT_NAME = "$(TARGET_NAME)";
				SWIFT_EMIT_LOC_STRINGS = YES;
				SWIFT_VERSION = 5.0;
				TARGETED_DEVICE_FAMILY = "1,2";
			};
			name = Release;
		};
/* End XCBuildConfiguration section */

/* Begin XCConfigurationList section */
		FB65AE702D6F799A00A7768F /* Build configuration list for PBXProject "Agenda_Shuffle" */ = {
			isa = XCConfigurationList;
			buildConfigurations = (
				FB65AE812D6F799A00A7768F /* Debug */,
				FB65AE822D6F799A00A7768F /* Release */,
			);
			defaultConfigurationIsVisible = 0;
			defaultConfigurationName = Release;
		};
		FB65AE832D6F799A00A7768F /* Build configuration list for PBXNativeTarget "Agenda_Shuffle" */ = {
			isa = XCConfigurationList;
			buildConfigurations = (
				FB65AE842D6F799A00A7768F /* Debug */,
				FB65AE852D6F799A00A7768F /* Release */,
			);
			defaultConfigurationIsVisible = 0;
			defaultConfigurationName = Release;
		};
/* End XCConfigurationList section */
	};
	rootObject = FB65AE6D2D6F799A00A7768F /* Project object */;
}
